// !$*UTF8*$!
{
	archiveVersion = 1;
	classes = {
	};
	objectVersion = 46;
	objects = {

/* Begin PBXBuildFile section */
		A277AA7A1D4A29F600B536D2 /* main.m in Sources */ = {isa = PBXBuildFile; fileRef = A277AA791D4A29F600B536D2 /* main.m */; };
		A277AA7D1D4A29F600B536D2 /* AppDelegate.m in Sources */ = {isa = PBXBuildFile; fileRef = A277AA7C1D4A29F600B536D2 /* AppDelegate.m */; };
		A277AA831D4A29F600B536D2 /* Main.storyboard in Resources */ = {isa = PBXBuildFile; fileRef = A277AA811D4A29F600B536D2 /* Main.storyboard */; };
		A277AA851D4A29F600B536D2 /* Assets.xcassets in Resources */ = {isa = PBXBuildFile; fileRef = A277AA841D4A29F600B536D2 /* Assets.xcassets */; };
		A277AA881D4A29F600B536D2 /* LaunchScreen.storyboard in Resources */ = {isa = PBXBuildFile; fileRef = A277AA861D4A29F600B536D2 /* LaunchScreen.storyboard */; };
		A277AA931D4A29F600B536D2 /* BSTreeTests.m in Sources */ = {isa = PBXBuildFile; fileRef = A277AA921D4A29F600B536D2 /* BSTreeTests.m */; };
		A277AAA01D4A2A2000B536D2 /* BSBinarySearchTree.m in Sources */ = {isa = PBXBuildFile; fileRef = A277AA9F1D4A2A2000B536D2 /* BSBinarySearchTree.m */; };
		A277AAA31D4A2A2C00B536D2 /* BSNode.m in Sources */ = {isa = PBXBuildFile; fileRef = A277AAA21D4A2A2C00B536D2 /* BSNode.m */; };
/* End PBXBuildFile section */

/* Begin PBXContainerItemProxy section */
		A277AA8F1D4A29F600B536D2 /* PBXContainerItemProxy */ = {
			isa = PBXContainerItemProxy;
			containerPortal = A277AA6D1D4A29F500B536D2 /* Project object */;
			proxyType = 1;
			remoteGlobalIDString = A277AA741D4A29F600B536D2;
			remoteInfo = BSTree;
		};
/* End PBXContainerItemProxy section */

/* Begin PBXFileReference section */
		A277AA751D4A29F600B536D2 /* BSTree.app */ = {isa = PBXFileReference; explicitFileType = wrapper.application; includeInIndex = 0; path = BSTree.app; sourceTree = BUILT_PRODUCTS_DIR; };
		A277AA791D4A29F600B536D2 /* main.m */ = {isa = PBXFileReference; lastKnownFileType = sourcecode.c.objc; path = main.m; sourceTree = "<group>"; };
		A277AA7B1D4A29F600B536D2 /* AppDelegate.h */ = {isa = PBXFileReference; lastKnownFileType = sourcecode.c.h; path = AppDelegate.h; sourceTree = "<group>"; };
		A277AA7C1D4A29F600B536D2 /* AppDelegate.m */ = {isa = PBXFileReference; lastKnownFileType = sourcecode.c.objc; path = AppDelegate.m; sourceTree = "<group>"; };
		A277AA821D4A29F600B536D2 /* Base */ = {isa = PBXFileReference; lastKnownFileType = file.storyboard; name = Base; path = Base.lproj/Main.storyboard; sourceTree = "<group>"; };
		A277AA841D4A29F600B536D2 /* Assets.xcassets */ = {isa = PBXFileReference; lastKnownFileType = folder.assetcatalog; path = Assets.xcassets; sourceTree = "<group>"; };
		A277AA871D4A29F600B536D2 /* Base */ = {isa = PBXFileReference; lastKnownFileType = file.storyboard; name = Base; path = Base.lproj/LaunchScreen.storyboard; sourceTree = "<group>"; };
		A277AA891D4A29F600B536D2 /* Info.plist */ = {isa = PBXFileReference; lastKnownFileType = text.plist.xml; path = Info.plist; sourceTree = "<group>"; };
		A277AA8E1D4A29F600B536D2 /* BSTreeTests.xctest */ = {isa = PBXFileReference; explicitFileType = wrapper.cfbundle; includeInIndex = 0; path = BSTreeTests.xctest; sourceTree = BUILT_PRODUCTS_DIR; };
		A277AA921D4A29F600B536D2 /* BSTreeTests.m */ = {isa = PBXFileReference; lastKnownFileType = sourcecode.c.objc; path = BSTreeTests.m; sourceTree = "<group>"; };
		A277AA941D4A29F600B536D2 /* Info.plist */ = {isa = PBXFileReference; lastKnownFileType = text.plist.xml; path = Info.plist; sourceTree = "<group>"; };
		A277AA9E1D4A2A2000B536D2 /* BSBinarySearchTree.h */ = {isa = PBXFileReference; fileEncoding = 4; lastKnownFileType = sourcecode.c.h; path = BSBinarySearchTree.h; sourceTree = "<group>"; };
		A277AA9F1D4A2A2000B536D2 /* BSBinarySearchTree.m */ = {isa = PBXFileReference; fileEncoding = 4; lastKnownFileType = sourcecode.c.objc; path = BSBinarySearchTree.m; sourceTree = "<group>"; };
		A277AAA11D4A2A2C00B536D2 /* BSNode.h */ = {isa = PBXFileReference; fileEncoding = 4; lastKnownFileType = sourcecode.c.h; path = BSNode.h; sourceTree = "<group>"; };
		A277AAA21D4A2A2C00B536D2 /* BSNode.m */ = {isa = PBXFileReference; fileEncoding = 4; lastKnownFileType = sourcecode.c.objc; path = BSNode.m; sourceTree = "<group>"; };
/* End PBXFileReference section */

/* Begin PBXFrameworksBuildPhase section */
		A277AA721D4A29F600B536D2 /* Frameworks */ = {
			isa = PBXFrameworksBuildPhase;
			buildActionMask = 2147483647;
			files = (
			);
			runOnlyForDeploymentPostprocessing = 0;
		};
		A277AA8B1D4A29F600B536D2 /* Frameworks */ = {
			isa = PBXFrameworksBuildPhase;
			buildActionMask = 2147483647;
			files = (
			);
			runOnlyForDeploymentPostprocessing = 0;
		};
/* End PBXFrameworksBuildPhase section */

/* Begin PBXGroup section */
		A277AA6C1D4A29F500B536D2 = {
			isa = PBXGroup;
			children = (
				A277AA771D4A29F600B536D2 /* BSTree */,
				A277AA911D4A29F600B536D2 /* BSTreeTests */,
				A277AA761D4A29F600B536D2 /* Products */,
			);
			sourceTree = "<group>";
		};
		A277AA761D4A29F600B536D2 /* Products */ = {
			isa = PBXGroup;
			children = (
				A277AA751D4A29F600B536D2 /* BSTree.app */,
				A277AA8E1D4A29F600B536D2 /* BSTreeTests.xctest */,
			);
			name = Products;
			sourceTree = "<group>";
		};
		A277AA771D4A29F600B536D2 /* BSTree */ = {
			isa = PBXGroup;
			children = (
				A277AA9D1D4A2A0200B536D2 /* BSTree */,
				A277AA7B1D4A29F600B536D2 /* AppDelegate.h */,
				A277AA7C1D4A29F600B536D2 /* AppDelegate.m */,
				A277AA811D4A29F600B536D2 /* Main.storyboard */,
				A277AA841D4A29F600B536D2 /* Assets.xcassets */,
				A277AA861D4A29F600B536D2 /* LaunchScreen.storyboard */,
				A277AA891D4A29F600B536D2 /* Info.plist */,
				A277AA781D4A29F600B536D2 /* Supporting Files */,
			);
			path = BSTree;
			sourceTree = "<group>";
		};
		A277AA781D4A29F600B536D2 /* Supporting Files */ = {
			isa = PBXGroup;
			children = (
				A277AA791D4A29F600B536D2 /* main.m */,
			);
			name = "Supporting Files";
			sourceTree = "<group>";
		};
		A277AA911D4A29F600B536D2 /* BSTreeTests */ = {
			isa = PBXGroup;
			children = (
				A277AA921D4A29F600B536D2 /* BSTreeTests.m */,
				A277AA941D4A29F600B536D2 /* Info.plist */,
			);
			path = BSTreeTests;
			sourceTree = "<group>";
		};
		A277AA9D1D4A2A0200B536D2 /* BSTree */ = {
			isa = PBXGroup;
			children = (
				A277AA9E1D4A2A2000B536D2 /* BSBinarySearchTree.h */,
				A277AA9F1D4A2A2000B536D2 /* BSBinarySearchTree.m */,
				A277AAA11D4A2A2C00B536D2 /* BSNode.h */,
				A277AAA21D4A2A2C00B536D2 /* BSNode.m */,
			);
			name = BSTree;
			sourceTree = "<group>";
		};
/* End PBXGroup section */

/* Begin PBXNativeTarget section */
		A277AA741D4A29F600B536D2 /* BSTree */ = {
			isa = PBXNativeTarget;
			buildConfigurationList = A277AA971D4A29F600B536D2 /* Build configuration list for PBXNativeTarget "BSTree" */;
			buildPhases = (
				A277AA711D4A29F600B536D2 /* Sources */,
				A277AA721D4A29F600B536D2 /* Frameworks */,
				A277AA731D4A29F600B536D2 /* Resources */,
			);
			buildRules = (
			);
			dependencies = (
			);
			name = BSTree;
			productName = BSTree;
			productReference = A277AA751D4A29F600B536D2 /* BSTree.app */;
			productType = "com.apple.product-type.application";
		};
		A277AA8D1D4A29F600B536D2 /* BSTreeTests */ = {
			isa = PBXNativeTarget;
			buildConfigurationList = A277AA9A1D4A29F600B536D2 /* Build configuration list for PBXNativeTarget "BSTreeTests" */;
			buildPhases = (
				A277AA8A1D4A29F600B536D2 /* Sources */,
				A277AA8B1D4A29F600B536D2 /* Frameworks */,
				A277AA8C1D4A29F600B536D2 /* Resources */,
			);
			buildRules = (
			);
			dependencies = (
				A277AA901D4A29F600B536D2 /* PBXTargetDependency */,
			);
			name = BSTreeTests;
			productName = BSTreeTests;
			productReference = A277AA8E1D4A29F600B536D2 /* BSTreeTests.xctest */;
			productType = "com.apple.product-type.bundle.unit-test";
		};
/* End PBXNativeTarget section */

/* Begin PBXProject section */
		A277AA6D1D4A29F500B536D2 /* Project object */ = {
			isa = PBXProject;
			attributes = {
				LastUpgradeCheck = 0730;
				ORGANIZATIONNAME = Meseery;
				TargetAttributes = {
					A277AA741D4A29F600B536D2 = {
						CreatedOnToolsVersion = 7.3;
					};
					A277AA8D1D4A29F600B536D2 = {
						CreatedOnToolsVersion = 7.3;
						TestTargetID = A277AA741D4A29F600B536D2;
					};
				};
			};
			buildConfigurationList = A277AA701D4A29F500B536D2 /* Build configuration list for PBXProject "BSTree" */;
			compatibilityVersion = "Xcode 3.2";
			developmentRegion = English;
			hasScannedForEncodings = 0;
			knownRegions = (
				en,
				Base,
			);
			mainGroup = A277AA6C1D4A29F500B536D2;
			productRefGroup = A277AA761D4A29F600B536D2 /* Products */;
			projectDirPath = "";
			projectRoot = "";
			targets = (
				A277AA741D4A29F600B536D2 /* BSTree */,
				A277AA8D1D4A29F600B536D2 /* BSTreeTests */,
			);
		};
/* End PBXProject section */

/* Begin PBXResourcesBuildPhase section */
		A277AA731D4A29F600B536D2 /* Resources */ = {
			isa = PBXResourcesBuildPhase;
			buildActionMask = 2147483647;
			files = (
				A277AA881D4A29F600B536D2 /* LaunchScreen.storyboard in Resources */,
				A277AA851D4A29F600B536D2 /* Assets.xcassets in Resources */,
				A277AA831D4A29F600B536D2 /* Main.storyboard in Resources */,
			);
			runOnlyForDeploymentPostprocessing = 0;
		};
		A277AA8C1D4A29F600B536D2 /* Resources */ = {
			isa = PBXResourcesBuildPhase;
			buildActionMask = 2147483647;
			files = (
			);
			runOnlyForDeploymentPostprocessing = 0;
		};
/* End PBXResourcesBuildPhase section */

/* Begin PBXSourcesBuildPhase section */
		A277AA711D4A29F600B536D2 /* Sources */ = {
			isa = PBXSourcesBuildPhase;
			buildActionMask = 2147483647;
			files = (
				A277AA7D1D4A29F600B536D2 /* AppDelegate.m in Sources */,
				A277AA7A1D4A29F600B536D2 /* main.m in Sources */,
				A277AAA31D4A2A2C00B536D2 /* BSNode.m in Sources */,
				A277AAA01D4A2A2000B536D2 /* BSBinarySearchTree.m in Sources */,
			);
			runOnlyForDeploymentPostprocessing = 0;
		};
		A277AA8A1D4A29F600B536D2 /* Sources */ = {
			isa = PBXSourcesBuildPhase;
			buildActionMask = 2147483647;
			files = (
				A277AA931D4A29F600B536D2 /* BSTreeTests.m in Sources */,
			);
			runOnlyForDeploymentPostprocessing = 0;
		};
/* End PBXSourcesBuildPhase section */

/* Begin PBXTargetDependency section */
		A277AA901D4A29F600B536D2 /* PBXTargetDependency */ = {
			isa = PBXTargetDependency;
			target = A277AA741D4A29F600B536D2 /* BSTree */;
			targetProxy = A277AA8F1D4A29F600B536D2 /* PBXContainerItemProxy */;
		};
/* End PBXTargetDependency section */

/* Begin PBXVariantGroup section */
		A277AA811D4A29F600B536D2 /* Main.storyboard */ = {
			isa = PBXVariantGroup;
			children = (
				A277AA821D4A29F600B536D2 /* Base */,
			);
			name = Main.storyboard;
			sourceTree = "<group>";
		};
		A277AA861D4A29F600B536D2 /* LaunchScreen.storyboard */ = {
			isa = PBXVariantGroup;
			children = (
				A277AA871D4A29F600B536D2 /* Base */,
			);
			name = LaunchScreen.storyboard;
			sourceTree = "<group>";
		};
/* End PBXVariantGroup section */

/* Begin XCBuildConfiguration section */
		A277AA951D4A29F600B536D2 /* Debug */ = {
			isa = XCBuildConfiguration;
			buildSettings = {
				ALWAYS_SEARCH_USER_PATHS = NO;
				CLANG_ANALYZER_NONNULL = YES;
				CLANG_CXX_LANGUAGE_STANDARD = "gnu++0x";
				CLANG_CXX_LIBRARY = "libc++";
				CLANG_ENABLE_MODULES = YES;
				CLANG_ENABLE_OBJC_ARC = YES;
				CLANG_WARN_BOOL_CONVERSION = YES;
				CLANG_WARN_CONSTANT_CONVERSION = YES;
				CLANG_WARN_DIRECT_OBJC_ISA_USAGE = YES_ERROR;
				CLANG_WARN_EMPTY_BODY = YES;
				CLANG_WARN_ENUM_CONVERSION = YES;
				CLANG_WARN_INT_CONVERSION = YES;
				CLANG_WARN_OBJC_ROOT_CLASS = YES_ERROR;
				CLANG_WARN_UNREACHABLE_CODE = YES;
				CLANG_WARN__DUPLICATE_METHOD_MATCH = YES;
				"CODE_SIGN_IDENTITY[sdk=iphoneos*]" = "iPhone Developer";
				COPY_PHASE_STRIP = NO;
				DEBUG_INFORMATION_FORMAT = dwarf;
				ENABLE_STRICT_OBJC_MSGSEND = YES;
				ENABLE_TESTABILITY = YES;
				GCC_C_LANGUAGE_STANDARD = gnu99;
				GCC_DYNAMIC_NO_PIC = NO;
				GCC_NO_COMMON_BLOCKS = YES;
				GCC_OPTIMIZATION_LEVEL = 0;
				GCC_PREPROCESSOR_DEFINITIONS = (
					"DEBUG=1",
					"$(inherited)",
				);
				GCC_WARN_64_TO_32_BIT_CONVERSION = YES;
				GCC_WARN_ABOUT_RETURN_TYPE = YES_ERROR;
				GCC_WARN_UNDECLARED_SELECTOR = YES;
				GCC_WARN_UNINITIALIZED_AUTOS = YES_AGGRESSIVE;
				GCC_WARN_UNUSED_FUNCTION = YES;
				GCC_WARN_UNUSED_VARIABLE = YES;
				IPHONEOS_DEPLOYMENT_TARGET = 9.3;
				MTL_ENABLE_DEBUG_INFO = YES;
				ONLY_ACTIVE_ARCH = YES;
				SDKROOT = iphoneos;
				TARGETED_DEVICE_FAMILY = "1,2";
			};
			name = Debug;
		};
		A277AA961D4A29F600B536D2 /* Release */ = {
			isa = XCBuildConfiguration;
			buildSettings = {
				ALWAYS_SEARCH_USER_PATHS = NO;
				CLANG_ANALYZER_NONNULL = YES;
				CLANG_CXX_LANGUAGE_STANDARD = "gnu++0x";
				CLANG_CXX_LIBRARY = "libc++";
				CLANG_ENABLE_MODULES = YES;
				CLANG_ENABLE_OBJC_ARC = YES;
				CLANG_WARN_BOOL_CONVERSION = YES;
				CLANG_WARN_CONSTANT_CONVERSION = YES;
				CLANG_WARN_DIRECT_OBJC_ISA_USAGE = YES_ERROR;
				CLANG_WARN_EMPTY_BODY = YES;
				CLANG_WARN_ENUM_CONVERSION = YES;
				CLANG_WARN_INT_CONVERSION = YES;
				CLANG_WARN_OBJC_ROOT_CLASS = YES_ERROR;
				CLANG_WARN_UNREACHABLE_CODE = YES;
				CLANG_WARN__DUPLICATE_METHOD_MATCH = YES;
				"CODE_SIGN_IDENTITY[sdk=iphoneos*]" = "iPhone Developer";
				COPY_PHASE_STRIP = NO;
				DEBUG_INFORMATION_FORMAT = "dwarf-with-dsym";
				ENABLE_NS_ASSERTIONS = NO;
				ENABLE_STRICT_OBJC_MSGSEND = YES;
				GCC_C_LANGUAGE_STANDARD = gnu99;
				GCC_NO_COMMON_BLOCKS = YES;
				GCC_WARN_64_TO_32_BIT_CONVERSION = YES;
				GCC_WARN_ABOUT_RETURN_TYPE = YES_ERROR;
				GCC_WARN_UNDECLARED_SELECTOR = YES;
				GCC_WARN_UNINITIALIZED_AUTOS = YES_AGGRESSIVE;
				GCC_WARN_UNUSED_FUNCTION = YES;
				GCC_WARN_UNUSED_VARIABLE = YES;
				IPHONEOS_DEPLOYMENT_TARGET = 9.3;
				MTL_ENABLE_DEBUG_INFO = NO;
				SDKROOT = iphoneos;
				TARGETED_DEVICE_FAMILY = "1,2";
				VALIDATE_PRODUCT = YES;
			};
			name = Release;
		};
		A277AA981D4A29F600B536D2 /* Debug */ = {
			isa = XCBuildConfiguration;
			buildSettings = {
				ASSETCATALOG_COMPILER_APPICON_NAME = AppIcon;
				INFOPLIST_FILE = BSTree/Info.plist;
				LD_RUNPATH_SEARCH_PATHS = "$(inherited) @executable_path/Frameworks";
				PRODUCT_BUNDLE_IDENTIFIER = com.meseery.BSTree;
				PRODUCT_NAME = "$(TARGET_NAME)";
			};
			name = Debug;
		};
		A277AA991D4A29F600B536D2 /* Release */ = {
			isa = XCBuildConfiguration;
			buildSettings = {
				ASSETCATALOG_COMPILER_APPICON_NAME = AppIcon;
				INFOPLIST_FILE = BSTree/Info.plist;
				LD_RUNPATH_SEARCH_PATHS = "$(inherited) @executable_path/Frameworks";
				PRODUCT_BUNDLE_IDENTIFIER = com.meseery.BSTree;
				PRODUCT_NAME = "$(TARGET_NAME)";
			};
			name = Release;
		};
		A277AA9B1D4A29F600B536D2 /* Debug */ = {
			isa = XCBuildConfiguration;
			buildSettings = {
				BUNDLE_LOADER = "$(TEST_HOST)";
				INFOPLIST_FILE = BSTreeTests/Info.plist;
				LD_RUNPATH_SEARCH_PATHS = "$(inherited) @executable_path/Frameworks @loader_path/Frameworks";
				PRODUCT_BUNDLE_IDENTIFIER = com.meseery.BSTreeTests;
				PRODUCT_NAME = "$(TARGET_NAME)";
				TEST_HOST = "$(BUILT_PRODUCTS_DIR)/BSTree.app/BSTree";
			};
			name = Debug;
		};
		A277AA9C1D4A29F600B536D2 /* Release */ = {
			isa = XCBuildConfiguration;
			buildSettings = {
				BUNDLE_LOADER = "$(TEST_HOST)";
				INFOPLIST_FILE = BSTreeTests/Info.plist;
				LD_RUNPATH_SEARCH_PATHS = "$(inherited) @executable_path/Frameworks @loader_path/Frameworks";
				PRODUCT_BUNDLE_IDENTIFIER = com.meseery.BSTreeTests;
				PRODUCT_NAME = "$(TARGET_NAME)";
				TEST_HOST = "$(BUILT_PRODUCTS_DIR)/BSTree.app/BSTree";
			};
			name = Release;
		};
/* End XCBuildConfiguration section */

/* Begin XCConfigurationList section */
		A277AA701D4A29F500B536D2 /* Build configuration list for PBXProject "BSTree" */ = {
			isa = XCConfigurationList;
			buildConfigurations = (
				A277AA951D4A29F600B536D2 /* Debug */,
				A277AA961D4A29F600B536D2 /* Release */,
			);
			defaultConfigurationIsVisible = 0;
			defaultConfigurationName = Release;
		};
		A277AA971D4A29F600B536D2 /* Build configuration list for PBXNativeTarget "BSTree" */ = {
			isa = XCConfigurationList;
			buildConfigurations = (
				A277AA981D4A29F600B536D2 /* Debug */,
				A277AA991D4A29F600B536D2 /* Release */,
			);
			defaultConfigurationIsVisible = 0;
		};
		A277AA9A1D4A29F600B536D2 /* Build configuration list for PBXNativeTarget "BSTreeTests" */ = {
			isa = XCConfigurationList;
			buildConfigurations = (
				A277AA9B1D4A29F600B536D2 /* Debug */,
				A277AA9C1D4A29F600B536D2 /* Release */,
			);
			defaultConfigurationIsVisible = 0;
		};
/* End XCConfigurationList section */
	};
	rootObject = A277AA6D1D4A29F500B536D2 /* Project object */;
}
